
Microsoft Visual Studio Solution File, Format Version 12.00
# Visual Studio 15
VisualStudioVersion = 15.0.28307.1145
MinimumVisualStudioVersion = 10.0.40219.1
Project("{888888A0-9F3D-457C-B088-3A5042F75D52}") = "StockTracker", "StockTracker\StockTracker.pyproj", "{B67A7D18-B34B-4A03-BF40-83FB6158E375}"
EndProject
Global
	GlobalSection(SolutionConfigurationPlatforms) = preSolution
		Debug|Any CPU = Debug|Any CPU
		Release|Any CPU = Release|Any CPU
	EndGlobalSection
	GlobalSection(ProjectConfigurationPlatforms) = postSolution
		{B67A7D18-B34B-4A03-BF40-83FB6158E375}.Debug|Any CPU.ActiveCfg = Debug|Any CPU
		{B67A7D18-B34B-4A03-BF40-83FB6158E375}.Release|Any CPU.ActiveCfg = Release|Any CPU
	EndGlobalSection
	GlobalSection(SolutionProperties) = preSolution
		HideSolutionNode = FALSE
	EndGlobalSection
	GlobalSection(ExtensibilityGlobals) = postSolution
		SolutionGuid = {F98DD2DA-931C-448C-A47E-A45562D3A70F}
	EndGlobalSection
EndGlobal
